
Microsoft Visual Studio Solution File, Format Version 12.00
# Visual Studio Version 16
VisualStudioVersion = 16.0.30011.22
MinimumVisualStudioVersion = 10.0.40219.1
Project("{D954291E-2A0B-460D-934E-DC6B0785DB48}") = "TestUNO.Shared", "TestUNO.Shared\TestUNO.Shared.shproj", "{6279C845-92F8-4333-AB99-3D213163593C}"
EndProject
Project("{FAE04EC0-301F-11D3-BF4B-00C04F79EFBC}") = "TestUNO.Droid", "TestUNO.Droid\TestUNO.Droid.csproj", "{A0D49E07-6A9E-427E-8E90-10A92EE3A888}"
EndProject
Project("{FAE04EC0-301F-11D3-BF4B-00C04F79EFBC}") = "TestUNO.iOS", "TestUNO.iOS\TestUNO.iOS.csproj", "{FC909BFD-2BB8-4273-B0F9-9D104BA8B221}"
EndProject
Project("{FAE04EC0-301F-11D3-BF4B-00C04F79EFBC}") = "TestUNO.UWP", "TestUNO.UWP\TestUNO.UWP.csproj", "{842C3BD0-7590-453F-900F-F002BC49269D}"
EndProject
Project("{9A19103F-16F7-4668-BE54-9A1E7A4F7556}") = "TestUNO.Wasm", "TestUNO.Wasm\TestUNO.Wasm.csproj", "{1C6B77CC-74B2-40E9-B945-9E69B9934965}"
EndProject
Project("{2150E333-8FDC-42A3-9474-1A3956D46DE8}") = "Solution Items", "Solution Items", "{905A93A8-38A1-406A-B919-6CBDA1544919}"
	ProjectSection(SolutionItems) = preProject
		.editorconfig = .editorconfig
	EndProjectSection
EndProject
Global
	GlobalSection(SharedMSBuildProjectFiles) = preSolution
		TestUNO.Shared\TestUNO.Shared.projitems*{1c6b77cc-74b2-40e9-b945-9e69b9934965}*SharedItemsImports = 5
		TestUNO.Shared\TestUNO.Shared.projitems*{6279c845-92f8-4333-ab99-3d213163593c}*SharedItemsImports = 13
		TestUNO.Shared\TestUNO.Shared.projitems*{842c3bd0-7590-453f-900f-f002bc49269d}*SharedItemsImports = 4
		TestUNO.Shared\TestUNO.Shared.projitems*{a0d49e07-6a9e-427e-8e90-10a92ee3a888}*SharedItemsImports = 4
		TestUNO.Shared\TestUNO.Shared.projitems*{fc909bfd-2bb8-4273-b0f9-9d104ba8b221}*SharedItemsImports = 4
	EndGlobalSection
	GlobalSection(SolutionConfigurationPlatforms) = preSolution
		Ad-Hoc|Any CPU = Ad-Hoc|Any CPU
		Ad-Hoc|ARM = Ad-Hoc|ARM
		Ad-Hoc|ARM64 = Ad-Hoc|ARM64
		Ad-Hoc|iPhone = Ad-Hoc|iPhone
		Ad-Hoc|iPhoneSimulator = Ad-Hoc|iPhoneSimulator
		Ad-Hoc|x64 = Ad-Hoc|x64
		Ad-Hoc|x86 = Ad-Hoc|x86
		AppStore|Any CPU = AppStore|Any CPU
		AppStore|ARM = AppStore|ARM
		AppStore|ARM64 = AppStore|ARM64
		AppStore|iPhone = AppStore|iPhone
		AppStore|iPhoneSimulator = AppStore|iPhoneSimulator
		AppStore|x64 = AppStore|x64
		AppStore|x86 = AppStore|x86
		Debug|Any CPU = Debug|Any CPU
		Debug|ARM = Debug|ARM
		Debug|ARM64 = Debug|ARM64
		Debug|iPhone = Debug|iPhone
		Debug|iPhoneSimulator = Debug|iPhoneSimulator
		Debug|x64 = Debug|x64
		Debug|x86 = Debug|x86
		Release|Any CPU = Release|Any CPU
		Release|ARM = Release|ARM
		Release|ARM64 = Release|ARM64
		Release|iPhone = Release|iPhone
		Release|iPhoneSimulator = Release|iPhoneSimulator
		Release|x64 = Release|x64
		Release|x86 = Release|x86
	EndGlobalSection
	GlobalSection(ProjectConfigurationPlatforms) = postSolution
		{A0D49E07-6A9E-427E-8E90-10A92EE3A888}.Ad-Hoc|Any CPU.ActiveCfg = Release|Any CPU
		{A0D49E07-6A9E-427E-8E90-10A92EE3A888}.Ad-Hoc|Any CPU.Build.0 = Release|Any CPU
		{A0D49E07-6A9E-427E-8E90-10A92EE3A888}.Ad-Hoc|Any CPU.Deploy.0 = Release|Any CPU
		{A0D49E07-6A9E-427E-8E90-10A92EE3A888}.Ad-Hoc|ARM.ActiveCfg = Release|Any CPU
		{A0D49E07-6A9E-427E-8E90-10A92EE3A888}.Ad-Hoc|ARM.Build.0 = Release|Any CPU
		{A0D49E07-6A9E-427E-8E90-10A92EE3A888}.Ad-Hoc|ARM.Deploy.0 = Release|Any CPU
		{A0D49E07-6A9E-427E-8E90-10A92EE3A888}.Ad-Hoc|ARM64.ActiveCfg = Release|Any CPU
		{A0D49E07-6A9E-427E-8E90-10A92EE3A888}.Ad-Hoc|ARM64.Build.0 = Release|Any CPU
		{A0D49E07-6A9E-427E-8E90-10A92EE3A888}.Ad-Hoc|ARM64.Deploy.0 = Release|Any CPU
		{A0D49E07-6A9E-427E-8E90-10A92EE3A888}.Ad-Hoc|iPhone.ActiveCfg = Release|Any CPU
		{A0D49E07-6A9E-427E-8E90-10A92EE3A888}.Ad-Hoc|iPhone.Build.0 = Release|Any CPU
		{A0D49E07-6A9E-427E-8E90-10A92EE3A888}.Ad-Hoc|iPhone.Deploy.0 = Release|Any CPU
		{A0D49E07-6A9E-427E-8E90-10A92EE3A888}.Ad-Hoc|iPhoneSimulator.ActiveCfg = Release|Any CPU
		{A0D49E07-6A9E-427E-8E90-10A92EE3A888}.Ad-Hoc|iPhoneSimulator.Build.0 = Release|Any CPU
		{A0D49E07-6A9E-427E-8E90-10A92EE3A888}.Ad-Hoc|iPhoneSimulator.Deploy.0 = Release|Any CPU
		{A0D49E07-6A9E-427E-8E90-10A92EE3A888}.Ad-Hoc|x64.ActiveCfg = Release|Any CPU
		{A0D49E07-6A9E-427E-8E90-10A92EE3A888}.Ad-Hoc|x64.Build.0 = Release|Any CPU
		{A0D49E07-6A9E-427E-8E90-10A92EE3A888}.Ad-Hoc|x64.Deploy.0 = Release|Any CPU
		{A0D49E07-6A9E-427E-8E90-10A92EE3A888}.Ad-Hoc|x86.ActiveCfg = Release|Any CPU
		{A0D49E07-6A9E-427E-8E90-10A92EE3A888}.Ad-Hoc|x86.Build.0 = Release|Any CPU
		{A0D49E07-6A9E-427E-8E90-10A92EE3A888}.Ad-Hoc|x86.Deploy.0 = Release|Any CPU
		{A0D49E07-6A9E-427E-8E90-10A92EE3A888}.AppStore|Any CPU.ActiveCfg = Release|Any CPU
		{A0D49E07-6A9E-427E-8E90-10A92EE3A888}.AppStore|Any CPU.Build.0 = Release|Any CPU
		{A0D49E07-6A9E-427E-8E90-10A92EE3A888}.AppStore|Any CPU.Deploy.0 = Release|Any CPU
		{A0D49E07-6A9E-427E-8E90-10A92EE3A888}.AppStore|ARM.ActiveCfg = Release|Any CPU
		{A0D49E07-6A9E-427E-8E90-10A92EE3A888}.AppStore|ARM.Build.0 = Release|Any CPU
		{A0D49E07-6A9E-427E-8E90-10A92EE3A888}.AppStore|ARM.Deploy.0 = Release|Any CPU
		{A0D49E07-6A9E-427E-8E90-10A92EE3A888}.AppStore|ARM64.ActiveCfg = Release|Any CPU
		{A0D49E07-6A9E-427E-8E90-10A92EE3A888}.AppStore|ARM64.Build.0 = Release|Any CPU
		{A0D49E07-6A9E-427E-8E90-10A92EE3A888}.AppStore|ARM64.Deploy.0 = Release|Any CPU
		{A0D49E07-6A9E-427E-8E90-10A92EE3A888}.AppStore|iPhone.ActiveCfg = Release|Any CPU
		{A0D49E07-6A9E-427E-8E90-10A92EE3A888}.AppStore|iPhone.Build.0 = Release|Any CPU
		{A0D49E07-6A9E-427E-8E90-10A92EE3A888}.AppStore|iPhone.Deploy.0 = Release|Any CPU
		{A0D49E07-6A9E-427E-8E90-10A92EE3A888}.AppStore|iPhoneSimulator.ActiveCfg = Release|Any CPU
		{A0D49E07-6A9E-427E-8E90-10A92EE3A888}.AppStore|iPhoneSimulator.Build.0 = Release|Any CPU
		{A0D49E07-6A9E-427E-8E90-10A92EE3A888}.AppStore|iPhoneSimulator.Deploy.0 = Release|Any CPU
		{A0D49E07-6A9E-427E-8E90-10A92EE3A888}.AppStore|x64.ActiveCfg = Release|Any CPU
		{A0D49E07-6A9E-427E-8E90-10A92EE3A888}.AppStore|x64.Build.0 = Release|Any CPU
		{A0D49E07-6A9E-427E-8E90-10A92EE3A888}.AppStore|x64.Deploy.0 = Release|Any CPU
		{A0D49E07-6A9E-427E-8E90-10A92EE3A888}.AppStore|x86.ActiveCfg = Release|Any CPU
		{A0D49E07-6A9E-427E-8E90-10A92EE3A888}.AppStore|x86.Build.0 = Release|Any CPU
		{A0D49E07-6A9E-427E-8E90-10A92EE3A888}.AppStore|x86.Deploy.0 = Release|Any CPU
		{A0D49E07-6A9E-427E-8E90-10A92EE3A888}.Debug|Any CPU.ActiveCfg = Debug|Any CPU
		{A0D49E07-6A9E-427E-8E90-10A92EE3A888}.Debug|Any CPU.Build.0 = Debug|Any CPU
		{A0D49E07-6A9E-427E-8E90-10A92EE3A888}.Debug|Any CPU.Deploy.0 = Debug|Any CPU
		{A0D49E07-6A9E-427E-8E90-10A92EE3A888}.Debug|ARM.ActiveCfg = Debug|Any CPU
		{A0D49E07-6A9E-427E-8E90-10A92EE3A888}.Debug|ARM.Build.0 = Debug|Any CPU
		{A0D49E07-6A9E-427E-8E90-10A92EE3A888}.Debug|ARM.Deploy.0 = Debug|Any CPU
		{A0D49E07-6A9E-427E-8E90-10A92EE3A888}.Debug|ARM64.ActiveCfg = Debug|Any CPU
		{A0D49E07-6A9E-427E-8E90-10A92EE3A888}.Debug|ARM64.Build.0 = Debug|Any CPU
		{A0D49E07-6A9E-427E-8E90-10A92EE3A888}.Debug|ARM64.Deploy.0 = Debug|Any CPU
		{A0D49E07-6A9E-427E-8E90-10A92EE3A888}.Debug|iPhone.ActiveCfg = Debug|Any CPU
		{A0D49E07-6A9E-427E-8E90-10A92EE3A888}.Debug|iPhone.Build.0 = Debug|Any CPU
		{A0D49E07-6A9E-427E-8E90-10A92EE3A888}.Debug|iPhone.Deploy.0 = Debug|Any CPU
		{A0D49E07-6A9E-427E-8E90-10A92EE3A888}.Debug|iPhoneSimulator.ActiveCfg = Debug|Any CPU
		{A0D49E07-6A9E-427E-8E90-10A92EE3A888}.Debug|iPhoneSimulator.Build.0 = Debug|Any CPU
		{A0D49E07-6A9E-427E-8E90-10A92EE3A888}.Debug|iPhoneSimulator.Deploy.0 = Debug|Any CPU
		{A0D49E07-6A9E-427E-8E90-10A92EE3A888}.Debug|x64.ActiveCfg = Debug|Any CPU
		{A0D49E07-6A9E-427E-8E90-10A92EE3A888}.Debug|x64.Build.0 = Debug|Any CPU
		{A0D49E07-6A9E-427E-8E90-10A92EE3A888}.Debug|x64.Deploy.0 = Debug|Any CPU
		{A0D49E07-6A9E-427E-8E90-10A92EE3A888}.Debug|x86.ActiveCfg = Debug|Any CPU
		{A0D49E07-6A9E-427E-8E90-10A92EE3A888}.Debug|x86.Build.0 = Debug|Any CPU
		{A0D49E07-6A9E-427E-8E90-10A92EE3A888}.Debug|x86.Deploy.0 = Debug|Any CPU
		{A0D49E07-6A9E-427E-8E90-10A92EE3A888}.Release|Any CPU.ActiveCfg = Release|Any CPU
		{A0D49E07-6A9E-427E-8E90-10A92EE3A888}.Release|Any CPU.Build.0 = Release|Any CPU
		{A0D49E07-6A9E-427E-8E90-10A92EE3A888}.Release|Any CPU.Deploy.0 = Release|Any CPU
		{A0D49E07-6A9E-427E-8E90-10A92EE3A888}.Release|ARM.ActiveCfg = Release|Any CPU
		{A0D49E07-6A9E-427E-8E90-10A92EE3A888}.Release|ARM.Build.0 = Release|Any CPU
		{A0D49E07-6A9E-427E-8E90-10A92EE3A888}.Release|ARM.Deploy.0 = Release|Any CPU
		{A0D49E07-6A9E-427E-8E90-10A92EE3A888}.Release|ARM64.ActiveCfg = Release|Any CPU
		{A0D49E07-6A9E-427E-8E90-10A92EE3A888}.Release|ARM64.Build.0 = Release|Any CPU
		{A0D49E07-6A9E-427E-8E90-10A92EE3A888}.Release|ARM64.Deploy.0 = Release|Any CPU
		{A0D49E07-6A9E-427E-8E90-10A92EE3A888}.Release|iPhone.ActiveCfg = Release|Any CPU
		{A0D49E07-6A9E-427E-8E90-10A92EE3A888}.Release|iPhone.Build.0 = Release|Any CPU
		{A0D49E07-6A9E-427E-8E90-10A92EE3A888}.Release|iPhone.Deploy.0 = Release|Any CPU
		{A0D49E07-6A9E-427E-8E90-10A92EE3A888}.Release|iPhoneSimulator.ActiveCfg = Release|Any CPU
		{A0D49E07-6A9E-427E-8E90-10A92EE3A888}.Release|iPhoneSimulator.Build.0 = Release|Any CPU
		{A0D49E07-6A9E-427E-8E90-10A92EE3A888}.Release|iPhoneSimulator.Deploy.0 = Release|Any CPU
		{A0D49E07-6A9E-427E-8E90-10A92EE3A888}.Release|x64.ActiveCfg = Release|Any CPU
		{A0D49E07-6A9E-427E-8E90-10A92EE3A888}.Release|x64.Build.0 = Release|Any CPU
		{A0D49E07-6A9E-427E-8E90-10A92EE3A888}.Release|x64.Deploy.0 = Release|Any CPU
		{A0D49E07-6A9E-427E-8E90-10A92EE3A888}.Release|x86.ActiveCfg = Release|Any CPU
		{A0D49E07-6A9E-427E-8E90-10A92EE3A888}.Release|x86.Build.0 = Release|Any CPU
		{A0D49E07-6A9E-427E-8E90-10A92EE3A888}.Release|x86.Deploy.0 = Release|Any CPU
		{FC909BFD-2BB8-4273-B0F9-9D104BA8B221}.Ad-Hoc|Any CPU.ActiveCfg = Ad-Hoc|iPhone
		{FC909BFD-2BB8-4273-B0F9-9D104BA8B221}.Ad-Hoc|ARM.ActiveCfg = Ad-Hoc|iPhone
		{FC909BFD-2BB8-4273-B0F9-9D104BA8B221}.Ad-Hoc|ARM64.ActiveCfg = Ad-Hoc|iPhone
		{FC909BFD-2BB8-4273-B0F9-9D104BA8B221}.Ad-Hoc|iPhone.ActiveCfg = Ad-Hoc|iPhone
		{FC909BFD-2BB8-4273-B0F9-9D104BA8B221}.Ad-Hoc|iPhone.Build.0 = Ad-Hoc|iPhone
		{FC909BFD-2BB8-4273-B0F9-9D104BA8B221}.Ad-Hoc|iPhoneSimulator.ActiveCfg = Ad-Hoc|iPhoneSimulator
		{FC909BFD-2BB8-4273-B0F9-9D104BA8B221}.Ad-Hoc|iPhoneSimulator.Build.0 = Ad-Hoc|iPhoneSimulator
		{FC909BFD-2BB8-4273-B0F9-9D104BA8B221}.Ad-Hoc|x64.ActiveCfg = Ad-Hoc|iPhone
		{FC909BFD-2BB8-4273-B0F9-9D104BA8B221}.Ad-Hoc|x86.ActiveCfg = Ad-Hoc|iPhone
		{FC909BFD-2BB8-4273-B0F9-9D104BA8B221}.AppStore|Any CPU.ActiveCfg = AppStore|iPhone
		{FC909BFD-2BB8-4273-B0F9-9D104BA8B221}.AppStore|ARM.ActiveCfg = AppStore|iPhone
		{FC909BFD-2BB8-4273-B0F9-9D104BA8B221}.AppStore|ARM64.ActiveCfg = AppStore|iPhone
		{FC909BFD-2BB8-4273-B0F9-9D104BA8B221}.AppStore|iPhone.ActiveCfg = AppStore|iPhone
		{FC909BFD-2BB8-4273-B0F9-9D104BA8B221}.AppStore|iPhone.Build.0 = AppStore|iPhone
		{FC909BFD-2BB8-4273-B0F9-9D104BA8B221}.AppStore|iPhoneSimulator.ActiveCfg = AppStore|iPhoneSimulator
		{FC909BFD-2BB8-4273-B0F9-9D104BA8B221}.AppStore|iPhoneSimulator.Build.0 = AppStore|iPhoneSimulator
		{FC909BFD-2BB8-4273-B0F9-9D104BA8B221}.AppStore|x64.ActiveCfg = AppStore|iPhone
		{FC909BFD-2BB8-4273-B0F9-9D104BA8B221}.AppStore|x86.ActiveCfg = AppStore|iPhone
		{FC909BFD-2BB8-4273-B0F9-9D104BA8B221}.Debug|Any CPU.ActiveCfg = Debug|iPhone
		{FC909BFD-2BB8-4273-B0F9-9D104BA8B221}.Debug|ARM.ActiveCfg = Debug|iPhone
		{FC909BFD-2BB8-4273-B0F9-9D104BA8B221}.Debug|ARM64.ActiveCfg = Debug|iPhone
		{FC909BFD-2BB8-4273-B0F9-9D104BA8B221}.Debug|iPhone.ActiveCfg = Debug|iPhone
		{FC909BFD-2BB8-4273-B0F9-9D104BA8B221}.Debug|iPhone.Build.0 = Debug|iPhone
		{FC909BFD-2BB8-4273-B0F9-9D104BA8B221}.Debug|iPhoneSimulator.ActiveCfg = Debug|iPhoneSimulator
		{FC909BFD-2BB8-4273-B0F9-9D104BA8B221}.Debug|iPhoneSimulator.Build.0 = Debug|iPhoneSimulator
		{FC909BFD-2BB8-4273-B0F9-9D104BA8B221}.Debug|x64.ActiveCfg = Debug|iPhone
		{FC909BFD-2BB8-4273-B0F9-9D104BA8B221}.Debug|x86.ActiveCfg = Debug|iPhone
		{FC909BFD-2BB8-4273-B0F9-9D104BA8B221}.Release|Any CPU.ActiveCfg = Release|iPhone
		{FC909BFD-2BB8-4273-B0F9-9D104BA8B221}.Release|ARM.ActiveCfg = Release|iPhone
		{FC909BFD-2BB8-4273-B0F9-9D104BA8B221}.Release|ARM64.ActiveCfg = Release|iPhone
		{FC909BFD-2BB8-4273-B0F9-9D104BA8B221}.Release|iPhone.ActiveCfg = Release|iPhone
		{FC909BFD-2BB8-4273-B0F9-9D104BA8B221}.Release|iPhone.Build.0 = Release|iPhone
		{FC909BFD-2BB8-4273-B0F9-9D104BA8B221}.Release|iPhoneSimulator.ActiveCfg = Release|iPhoneSimulator
		{FC909BFD-2BB8-4273-B0F9-9D104BA8B221}.Release|iPhoneSimulator.Build.0 = Release|iPhoneSimulator
		{FC909BFD-2BB8-4273-B0F9-9D104BA8B221}.Release|x64.ActiveCfg = Release|iPhone
		{FC909BFD-2BB8-4273-B0F9-9D104BA8B221}.Release|x86.ActiveCfg = Release|iPhone
		{842C3BD0-7590-453F-900F-F002BC49269D}.Ad-Hoc|Any CPU.ActiveCfg = Release|x64
		{842C3BD0-7590-453F-900F-F002BC49269D}.Ad-Hoc|Any CPU.Build.0 = Release|x64
		{842C3BD0-7590-453F-900F-F002BC49269D}.Ad-Hoc|Any CPU.Deploy.0 = Release|x64
		{842C3BD0-7590-453F-900F-F002BC49269D}.Ad-Hoc|ARM.ActiveCfg = Release|ARM
		{842C3BD0-7590-453F-900F-F002BC49269D}.Ad-Hoc|ARM.Build.0 = Release|ARM
		{842C3BD0-7590-453F-900F-F002BC49269D}.Ad-Hoc|ARM.Deploy.0 = Release|ARM
		{842C3BD0-7590-453F-900F-F002BC49269D}.Ad-Hoc|ARM64.ActiveCfg = Release|ARM64
		{842C3BD0-7590-453F-900F-F002BC49269D}.Ad-Hoc|ARM64.Build.0 = Release|ARM64
		{842C3BD0-7590-453F-900F-F002BC49269D}.Ad-Hoc|ARM64.Deploy.0 = Release|ARM64
		{842C3BD0-7590-453F-900F-F002BC49269D}.Ad-Hoc|iPhone.ActiveCfg = Release|x64
		{842C3BD0-7590-453F-900F-F002BC49269D}.Ad-Hoc|iPhone.Build.0 = Release|x64
		{842C3BD0-7590-453F-900F-F002BC49269D}.Ad-Hoc|iPhone.Deploy.0 = Release|x64
		{842C3BD0-7590-453F-900F-F002BC49269D}.Ad-Hoc|iPhoneSimulator.ActiveCfg = Release|x64
		{842C3BD0-7590-453F-900F-F002BC49269D}.Ad-Hoc|iPhoneSimulator.Build.0 = Release|x64
		{842C3BD0-7590-453F-900F-F002BC49269D}.Ad-Hoc|iPhoneSimulator.Deploy.0 = Release|x64
		{842C3BD0-7590-453F-900F-F002BC49269D}.Ad-Hoc|x64.ActiveCfg = Release|x64
		{842C3BD0-7590-453F-900F-F002BC49269D}.Ad-Hoc|x64.Build.0 = Release|x64
		{842C3BD0-7590-453F-900F-F002BC49269D}.Ad-Hoc|x64.Deploy.0 = Release|x64
		{842C3BD0-7590-453F-900F-F002BC49269D}.Ad-Hoc|x86.ActiveCfg = Release|x86
		{842C3BD0-7590-453F-900F-F002BC49269D}.Ad-Hoc|x86.Build.0 = Release|x86
		{842C3BD0-7590-453F-900F-F002BC49269D}.Ad-Hoc|x86.Deploy.0 = Release|x86
		{842C3BD0-7590-453F-900F-F002BC49269D}.AppStore|Any CPU.ActiveCfg = Release|x64
		{842C3BD0-7590-453F-900F-F002BC49269D}.AppStore|Any CPU.Build.0 = Release|x64
		{842C3BD0-7590-453F-900F-F002BC49269D}.AppStore|Any CPU.Deploy.0 = Release|x64
		{842C3BD0-7590-453F-900F-F002BC49269D}.AppStore|ARM.ActiveCfg = Release|ARM
		{842C3BD0-7590-453F-900F-F002BC49269D}.AppStore|ARM.Build.0 = Release|ARM
		{842C3BD0-7590-453F-900F-F002BC49269D}.AppStore|ARM.Deploy.0 = Release|ARM
		{842C3BD0-7590-453F-900F-F002BC49269D}.AppStore|ARM64.ActiveCfg = Release|ARM64
		{842C3BD0-7590-453F-900F-F002BC49269D}.AppStore|ARM64.Build.0 = Release|ARM64
		{842C3BD0-7590-453F-900F-F002BC49269D}.AppStore|ARM64.Deploy.0 = Release|ARM64
		{842C3BD0-7590-453F-900F-F002BC49269D}.AppStore|iPhone.ActiveCfg = Release|x64
		{842C3BD0-7590-453F-900F-F002BC49269D}.AppStore|iPhone.Build.0 = Release|x64
		{842C3BD0-7590-453F-900F-F002BC49269D}.AppStore|iPhone.Deploy.0 = Release|x64
		{842C3BD0-7590-453F-900F-F002BC49269D}.AppStore|iPhoneSimulator.ActiveCfg = Release|x64
		{842C3BD0-7590-453F-900F-F002BC49269D}.AppStore|iPhoneSimulator.Build.0 = Release|x64
		{842C3BD0-7590-453F-900F-F002BC49269D}.AppStore|iPhoneSimulator.Deploy.0 = Release|x64
		{842C3BD0-7590-453F-900F-F002BC49269D}.AppStore|x64.ActiveCfg = Release|x64
		{842C3BD0-7590-453F-900F-F002BC49269D}.AppStore|x64.Build.0 = Release|x64
		{842C3BD0-7590-453F-900F-F002BC49269D}.AppStore|x64.Deploy.0 = Release|x64
		{842C3BD0-7590-453F-900F-F002BC49269D}.AppStore|x86.ActiveCfg = Release|x86
		{842C3BD0-7590-453F-900F-F002BC49269D}.AppStore|x86.Build.0 = Release|x86
		{842C3BD0-7590-453F-900F-F002BC49269D}.AppStore|x86.Deploy.0 = Release|x86
		{842C3BD0-7590-453F-900F-F002BC49269D}.Debug|Any CPU.ActiveCfg = Debug|x86
		{842C3BD0-7590-453F-900F-F002BC49269D}.Debug|ARM.ActiveCfg = Debug|ARM
		{842C3BD0-7590-453F-900F-F002BC49269D}.Debug|ARM.Build.0 = Debug|ARM
		{842C3BD0-7590-453F-900F-F002BC49269D}.Debug|ARM.Deploy.0 = Debug|ARM
		{842C3BD0-7590-453F-900F-F002BC49269D}.Debug|ARM64.ActiveCfg = Debug|ARM64
		{842C3BD0-7590-453F-900F-F002BC49269D}.Debug|ARM64.Build.0 = Debug|ARM64
		{842C3BD0-7590-453F-900F-F002BC49269D}.Debug|ARM64.Deploy.0 = Debug|ARM64
		{842C3BD0-7590-453F-900F-F002BC49269D}.Debug|iPhone.ActiveCfg = Debug|x86
		{842C3BD0-7590-453F-900F-F002BC49269D}.Debug|iPhoneSimulator.ActiveCfg = Debug|x86
		{842C3BD0-7590-453F-900F-F002BC49269D}.Debug|x64.ActiveCfg = Debug|x64
		{842C3BD0-7590-453F-900F-F002BC49269D}.Debug|x64.Build.0 = Debug|x64
		{842C3BD0-7590-453F-900F-F002BC49269D}.Debug|x64.Deploy.0 = Debug|x64
		{842C3BD0-7590-453F-900F-F002BC49269D}.Debug|x86.ActiveCfg = Debug|x86
		{842C3BD0-7590-453F-900F-F002BC49269D}.Debug|x86.Build.0 = Debug|x86
		{842C3BD0-7590-453F-900F-F002BC49269D}.Debug|x86.Deploy.0 = Debug|x86
		{842C3BD0-7590-453F-900F-F002BC49269D}.Release|Any CPU.ActiveCfg = Release|x86
		{842C3BD0-7590-453F-900F-F002BC49269D}.Release|ARM.ActiveCfg = Release|ARM
		{842C3BD0-7590-453F-900F-F002BC49269D}.Release|ARM.Build.0 = Release|ARM
		{842C3BD0-7590-453F-900F-F002BC49269D}.Release|ARM.Deploy.0 = Release|ARM
		{842C3BD0-7590-453F-900F-F002BC49269D}.Release|ARM64.ActiveCfg = Release|ARM64
		{842C3BD0-7590-453F-900F-F002BC49269D}.Release|ARM64.Build.0 = Release|ARM64
		{842C3BD0-7590-453F-900F-F002BC49269D}.Release|ARM64.Deploy.0 = Release|ARM64
		{842C3BD0-7590-453F-900F-F002BC49269D}.Release|iPhone.ActiveCfg = Release|x86
		{842C3BD0-7590-453F-900F-F002BC49269D}.Release|iPhoneSimulator.ActiveCfg = Release|x86
		{842C3BD0-7590-453F-900F-F002BC49269D}.Release|x64.ActiveCfg = Release|x64
		{842C3BD0-7590-453F-900F-F002BC49269D}.Release|x64.Build.0 = Release|x64
		{842C3BD0-7590-453F-900F-F002BC49269D}.Release|x64.Deploy.0 = Release|x64
		{842C3BD0-7590-453F-900F-F002BC49269D}.Release|x86.ActiveCfg = Release|x86
		{842C3BD0-7590-453F-900F-F002BC49269D}.Release|x86.Build.0 = Release|x86
		{842C3BD0-7590-453F-900F-F002BC49269D}.Release|x86.Deploy.0 = Release|x86
		{1C6B77CC-74B2-40E9-B945-9E69B9934965}.Ad-Hoc|Any CPU.ActiveCfg = Debug|Any CPU
		{1C6B77CC-74B2-40E9-B945-9E69B9934965}.Ad-Hoc|Any CPU.Build.0 = Debug|Any CPU
		{1C6B77CC-74B2-40E9-B945-9E69B9934965}.Ad-Hoc|ARM.ActiveCfg = Debug|Any CPU
		{1C6B77CC-74B2-40E9-B945-9E69B9934965}.Ad-Hoc|ARM.Build.0 = Debug|Any CPU
		{1C6B77CC-74B2-40E9-B945-9E69B9934965}.Ad-Hoc|ARM64.ActiveCfg = Debug|Any CPU
		{1C6B77CC-74B2-40E9-B945-9E69B9934965}.Ad-Hoc|ARM64.Build.0 = Debug|Any CPU
		{1C6B77CC-74B2-40E9-B945-9E69B9934965}.Ad-Hoc|iPhone.ActiveCfg = Debug|Any CPU
		{1C6B77CC-74B2-40E9-B945-9E69B9934965}.Ad-Hoc|iPhone.Build.0 = Debug|Any CPU
		{1C6B77CC-74B2-40E9-B945-9E69B9934965}.Ad-Hoc|iPhoneSimulator.ActiveCfg = Debug|Any CPU
		{1C6B77CC-74B2-40E9-B945-9E69B9934965}.Ad-Hoc|iPhoneSimulator.Build.0 = Debug|Any CPU
		{1C6B77CC-74B2-40E9-B945-9E69B9934965}.Ad-Hoc|x64.ActiveCfg = Debug|Any CPU
		{1C6B77CC-74B2-40E9-B945-9E69B9934965}.Ad-Hoc|x64.Build.0 = Debug|Any CPU
		{1C6B77CC-74B2-40E9-B945-9E69B9934965}.Ad-Hoc|x86.ActiveCfg = Debug|Any CPU
		{1C6B77CC-74B2-40E9-B945-9E69B9934965}.Ad-Hoc|x86.Build.0 = Debug|Any CPU
		{1C6B77CC-74B2-40E9-B945-9E69B9934965}.AppStore|Any CPU.ActiveCfg = Debug|Any CPU
		{1C6B77CC-74B2-40E9-B945-9E69B9934965}.AppStore|Any CPU.Build.0 = Debug|Any CPU
		{1C6B77CC-74B2-40E9-B945-9E69B9934965}.AppStore|ARM.ActiveCfg = Debug|Any CPU
		{1C6B77CC-74B2-40E9-B945-9E69B9934965}.AppStore|ARM.Build.0 = Debug|Any CPU
		{1C6B77CC-74B2-40E9-B945-9E69B9934965}.AppStore|ARM64.ActiveCfg = Debug|Any CPU
		{1C6B77CC-74B2-40E9-B945-9E69B9934965}.AppStore|ARM64.Build.0 = Debug|Any CPU
		{1C6B77CC-74B2-40E9-B945-9E69B9934965}.AppStore|iPhone.ActiveCfg = Debug|Any CPU
		{1C6B77CC-74B2-40E9-B945-9E69B9934965}.AppStore|iPhone.Build.0 = Debug|Any CPU
		{1C6B77CC-74B2-40E9-B945-9E69B9934965}.AppStore|iPhoneSimulator.ActiveCfg = Debug|Any CPU
		{1C6B77CC-74B2-40E9-B945-9E69B9934965}.AppStore|iPhoneSimulator.Build.0 = Debug|Any CPU
		{1C6B77CC-74B2-40E9-B945-9E69B9934965}.AppStore|x64.ActiveCfg = Debug|Any CPU
		{1C6B77CC-74B2-40E9-B945-9E69B9934965}.AppStore|x64.Build.0 = Debug|Any CPU
		{1C6B77CC-74B2-40E9-B945-9E69B9934965}.AppStore|x86.ActiveCfg = Debug|Any CPU
		{1C6B77CC-74B2-40E9-B945-9E69B9934965}.AppStore|x86.Build.0 = Debug|Any CPU
		{1C6B77CC-74B2-40E9-B945-9E69B9934965}.Debug|Any CPU.ActiveCfg = Debug|Any CPU
		{1C6B77CC-74B2-40E9-B945-9E69B9934965}.Debug|Any CPU.Build.0 = Debug|Any CPU
		{1C6B77CC-74B2-40E9-B945-9E69B9934965}.Debug|ARM.ActiveCfg = Debug|Any CPU
		{1C6B77CC-74B2-40E9-B945-9E69B9934965}.Debug|ARM.Build.0 = Debug|Any CPU
		{1C6B77CC-74B2-40E9-B945-9E69B9934965}.Debug|ARM64.ActiveCfg = Debug|Any CPU
		{1C6B77CC-74B2-40E9-B945-9E69B9934965}.Debug|ARM64.Build.0 = Debug|Any CPU
		{1C6B77CC-74B2-40E9-B945-9E69B9934965}.Debug|iPhone.ActiveCfg = Debug|Any CPU
		{1C6B77CC-74B2-40E9-B945-9E69B9934965}.Debug|iPhone.Build.0 = Debug|Any CPU
		{1C6B77CC-74B2-40E9-B945-9E69B9934965}.Debug|iPhoneSimulator.ActiveCfg = Debug|Any CPU
		{1C6B77CC-74B2-40E9-B945-9E69B9934965}.Debug|iPhoneSimulator.Build.0 = Debug|Any CPU
		{1C6B77CC-74B2-40E9-B945-9E69B9934965}.Debug|x64.ActiveCfg = Debug|Any CPU
		{1C6B77CC-74B2-40E9-B945-9E69B9934965}.Debug|x64.Build.0 = Debug|Any CPU
		{1C6B77CC-74B2-40E9-B945-9E69B9934965}.Debug|x86.ActiveCfg = Debug|Any CPU
		{1C6B77CC-74B2-40E9-B945-9E69B9934965}.Debug|x86.Build.0 = Debug|Any CPU
		{1C6B77CC-74B2-40E9-B945-9E69B9934965}.Release|Any CPU.ActiveCfg = Release|Any CPU
		{1C6B77CC-74B2-40E9-B945-9E69B9934965}.Release|Any CPU.Build.0 = Release|Any CPU
		{1C6B77CC-74B2-40E9-B945-9E69B9934965}.Release|ARM.ActiveCfg = Release|Any CPU
		{1C6B77CC-74B2-40E9-B945-9E69B9934965}.Release|ARM.Build.0 = Release|Any CPU
		{1C6B77CC-74B2-40E9-B945-9E69B9934965}.Release|ARM64.ActiveCfg = Release|Any CPU
		{1C6B77CC-74B2-40E9-B945-9E69B9934965}.Release|ARM64.Build.0 = Release|Any CPU
		{1C6B77CC-74B2-40E9-B945-9E69B9934965}.Release|iPhone.ActiveCfg = Release|Any CPU
		{1C6B77CC-74B2-40E9-B945-9E69B9934965}.Release|iPhone.Build.0 = Release|Any CPU
		{1C6B77CC-74B2-40E9-B945-9E69B9934965}.Release|iPhoneSimulator.ActiveCfg = Release|Any CPU
		{1C6B77CC-74B2-40E9-B945-9E69B9934965}.Release|iPhoneSimulator.Build.0 = Release|Any CPU
		{1C6B77CC-74B2-40E9-B945-9E69B9934965}.Release|x64.ActiveCfg = Release|Any CPU
		{1C6B77CC-74B2-40E9-B945-9E69B9934965}.Release|x64.Build.0 = Release|Any CPU
		{1C6B77CC-74B2-40E9-B945-9E69B9934965}.Release|x86.ActiveCfg = Release|Any CPU
		{1C6B77CC-74B2-40E9-B945-9E69B9934965}.Release|x86.Build.0 = Release|Any CPU
	EndGlobalSection
	GlobalSection(SolutionProperties) = preSolution
		HideSolutionNode = FALSE
	EndGlobalSection
	GlobalSection(ExtensibilityGlobals) = postSolution
		SolutionGuid = {5DE4974B-0419-44A1-944F-32F13A8ED085}
	EndGlobalSection
EndGlobal
